{
  "originHash" : "391765d0afa9896d98cf3f47f2e44e214df3b5ffd1c1f6b755666f60baa4207a",
  "pins" : [
    {
      "identity" : "libghostty-spm",
      "kind" : "remoteSourceControl",
      "location" : "https://github.com/Lakr233/libghostty-spm.git",
      "state" : {
        "revision" : "c069f05e0a4ef50143e943e954ed75e52e947009",
        "version" : "1.2.4"
      }
    },
    {
      "identity" : "msdisplaylink",
      "kind" : "remoteSourceControl",
      "location" : "https://github.com/Lakr233/MSDisplayLink.git",
      "state" : {
        "revision" : "1ba3e769b734e456317fa7e45321fa7f53eefb67",
        "version" : "2.1.0"
      }
    },
    {
      "identity" : "symaira-appkit",
      "kind" : "remoteSourceControl",
      "location" : "https://github.com/danieljustus/symaira-appkit.git",
      "state" : {
        "revision" : "019e5069a2a961d8dc74c9e74bd7a851fc7fef0e",
        "version" : "0.2.2"
      }
    }
  ],
  "version" : 3
}
