{
  "originHash" : "77de3b2fe06961bdce5d19c1816c7db7a3798c3de9b4aede544a1ca2e7bba0f9",
  "pins" : [
    {
      "identity" : "libghostty-spm",
      "kind" : "remoteSourceControl",
      "location" : "https://github.com/Lakr233/libghostty-spm.git",
      "state" : {
        "revision" : "c069f05e0a4ef50143e943e954ed75e52e947009",
        "version" : "1.2.4"
      }
    },
    {
      "identity" : "msdisplaylink",
      "kind" : "remoteSourceControl",
      "location" : "https://github.com/Lakr233/MSDisplayLink.git",
      "state" : {
        "revision" : "1ba3e769b734e456317fa7e45321fa7f53eefb67",
        "version" : "2.1.0"
      }
    },
    {
      "identity" : "symaira-appkit",
      "kind" : "remoteSourceControl",
      "location" : "https://github.com/danieljustus/symaira-appkit.git",
      "state" : {
        "revision" : "188cd923a06532d7ce9de46e05afaa5670ff37f6",
        "version" : "0.7.0"
      }
    }
  ],
  "version" : 3
}
